
Microsoft Visual Studio Solution File, Format Version 12.00
# Visual Studio Version 17
VisualStudioVersion = 17.0.31903.59
MinimumVisualStudioVersion = 10.0.40219.1
Project("{9A19103F-16F7-4668-BE54-9A1E7A4F7556}") = "GameStatistics.Contracts", "GameStatistics.Contracts\GameStatistics.Contracts.csproj", "{516DEB78-9C81-42FF-AA4F-7750BD53939E}"
EndProject
Project("{9A19103F-16F7-4668-BE54-9A1E7A4F7556}") = "GameStatistics", "GameStatistics\GameStatistics.csproj", "{13B6A602-DF20-476B-AEF4-2E4D2D3D5CA1}"
EndProject
Project("{9A19103F-16F7-4668-BE54-9A1E7A4F7556}") = "cirsaStressTesting", "cirsaStressTesting\cirsaStressTesting.csproj", "{A34CBE25-54F7-43BA-9E27-55C1C9BBB830}"
EndProject
Project("{9A19103F-16F7-4668-BE54-9A1E7A4F7556}") = "stressTestingApp", "ConsoleApp1\stressTestingApp.csproj", "{7F6DD017-BAD1-44B0-9DBD-2D1DB6A44EFB}"
EndProject
Project("{FAE04EC0-301F-11D3-BF4B-00C04F79EFBC}") = "stressTestingAppV2", "stressTestingAppV2\stressTestingAppV2.csproj", "{F3E5D65B-8757-4F65-8266-B3BC8E91A831}"
EndProject
Global
	GlobalSection(SolutionConfigurationPlatforms) = preSolution
		Debug|Any CPU = Debug|Any CPU
		Release|Any CPU = Release|Any CPU
	EndGlobalSection
	GlobalSection(ProjectConfigurationPlatforms) = postSolution
		{516DEB78-9C81-42FF-AA4F-7750BD53939E}.Debug|Any CPU.ActiveCfg = Debug|Any CPU
		{516DEB78-9C81-42FF-AA4F-7750BD53939E}.Debug|Any CPU.Build.0 = Debug|Any CPU
		{516DEB78-9C81-42FF-AA4F-7750BD53939E}.Release|Any CPU.ActiveCfg = Release|Any CPU
		{516DEB78-9C81-42FF-AA4F-7750BD53939E}.Release|Any CPU.Build.0 = Release|Any CPU
		{13B6A602-DF20-476B-AEF4-2E4D2D3D5CA1}.Debug|Any CPU.ActiveCfg = Debug|Any CPU
		{13B6A602-DF20-476B-AEF4-2E4D2D3D5CA1}.Debug|Any CPU.Build.0 = Debug|Any CPU
		{13B6A602-DF20-476B-AEF4-2E4D2D3D5CA1}.Release|Any CPU.ActiveCfg = Release|Any CPU
		{13B6A602-DF20-476B-AEF4-2E4D2D3D5CA1}.Release|Any CPU.Build.0 = Release|Any CPU
		{A34CBE25-54F7-43BA-9E27-55C1C9BBB830}.Debug|Any CPU.ActiveCfg = Debug|Any CPU
		{A34CBE25-54F7-43BA-9E27-55C1C9BBB830}.Debug|Any CPU.Build.0 = Debug|Any CPU
		{A34CBE25-54F7-43BA-9E27-55C1C9BBB830}.Release|Any CPU.ActiveCfg = Release|Any CPU
		{A34CBE25-54F7-43BA-9E27-55C1C9BBB830}.Release|Any CPU.Build.0 = Release|Any CPU
		{7F6DD017-BAD1-44B0-9DBD-2D1DB6A44EFB}.Debug|Any CPU.ActiveCfg = Debug|Any CPU
		{7F6DD017-BAD1-44B0-9DBD-2D1DB6A44EFB}.Debug|Any CPU.Build.0 = Debug|Any CPU
		{7F6DD017-BAD1-44B0-9DBD-2D1DB6A44EFB}.Release|Any CPU.ActiveCfg = Release|Any CPU
		{7F6DD017-BAD1-44B0-9DBD-2D1DB6A44EFB}.Release|Any CPU.Build.0 = Release|Any CPU
		{F3E5D65B-8757-4F65-8266-B3BC8E91A831}.Debug|Any CPU.ActiveCfg = Debug|Any CPU
		{F3E5D65B-8757-4F65-8266-B3BC8E91A831}.Debug|Any CPU.Build.0 = Debug|Any CPU
		{F3E5D65B-8757-4F65-8266-B3BC8E91A831}.Release|Any CPU.ActiveCfg = Release|Any CPU
		{F3E5D65B-8757-4F65-8266-B3BC8E91A831}.Release|Any CPU.Build.0 = Release|Any CPU
	EndGlobalSection
	GlobalSection(SolutionProperties) = preSolution
		HideSolutionNode = FALSE
	EndGlobalSection
	GlobalSection(ExtensibilityGlobals) = postSolution
		SolutionGuid = {5EAB9A59-DA46-414F-BDB1-C02BE18A91D5}
	EndGlobalSection
EndGlobal
